{
  "name": "fusiden-js",
  "version": "0.0.1",
  "lockfileVersion": 2,
  "requires": true,
  "packages": {
    "": {
      "version": "0.0.1",
      "license": "MIT",
      "dependencies": {
        "@devicefarmer/adbkit": "^3.2.0",
        "lodash": "^4.17.21",
        "xstate": "^4.17.1"
      }
    },
    "node_modules/@devicefarmer/adbkit": {
      "version": "3.2.0",
      "resolved": "https://registry.npmjs.org/@devicefarmer/adbkit/-/adbkit-3.2.0.tgz",
      "integrity": "sha512-wfpaoASfRKBBAdyECHViVC534AVethZOMTkECLc6yf+qK46AROpAU3WWT15FuqeYjdQNnAY0SXVy0Y+gysTEZg==",
      "dependencies": {
        "@devicefarmer/adbkit-logcat": "^2.1.1",
        "@devicefarmer/adbkit-monkey": "~1.1.0",
        "bluebird": "~3.7",
        "commander": "^6.2.1",
        "debug": "~4.3.1",
        "node-forge": "^0.10.0",
        "split": "~1.0.1"
      },
      "bin": {
        "adbkit": "bin/adbkit"
      },
      "engines": {
        "node": ">= 0.10.4"
      }
    },
    "node_modules/@devicefarmer/adbkit-logcat": {
      "version": "2.1.1",
      "resolved": "https://registry.npmjs.org/@devicefarmer/adbkit-logcat/-/adbkit-logcat-2.1.1.tgz",
      "integrity": "sha512-Wu9g/P6QatOtCr7D/HjjIN84Q6XhAOZLGf941HR2SMWZI7B/WwzxMpUSQN/d/lZT8qcxmH40X16p6GxQnlI6LQ==",
      "engines": {
        "node": ">= 4"
      }
    },
    "node_modules/@devicefarmer/adbkit-monkey": {
      "version": "1.1.0",
      "resolved": "https://registry.npmjs.org/@devicefarmer/adbkit-monkey/-/adbkit-monkey-1.1.0.tgz",
      "integrity": "sha512-De6bm/IQXTeYI0/fMO+lddEmNCenTOsHMqCga7oGWL1x71VsOlrytn0Kqso0Rzq96xzizMPZ8jgoGG5M6f2baQ==",
      "dependencies": {
        "async": "~0.2.9"
      },
      "engines": {
        "node": ">= 0.10.4"
      }
    },
    "node_modules/async": {
      "version": "0.2.10",
      "resolved": "https://registry.npmjs.org/async/-/async-0.2.10.tgz",
      "integrity": "sha1-trvgsGdLnXGXCMo43owjfLUmw9E="
    },
    "node_modules/bluebird": {
      "version": "3.7.2",
      "resolved": "https://registry.npmjs.org/bluebird/-/bluebird-3.7.2.tgz",
      "integrity": "sha512-XpNj6GDQzdfW+r2Wnn7xiSAd7TM3jzkxGXBGTtWKuSXv1xUV+azxAm8jdWZN06QTQk+2N2XB9jRDkvbmQmcRtg=="
    },
    "node_modules/commander": {
      "version": "6.2.1",
      "resolved": "https://registry.npmjs.org/commander/-/commander-6.2.1.tgz",
      "integrity": "sha512-U7VdrJFnJgo4xjrHpTzu0yrHPGImdsmD95ZlgYSEajAn2JKzDhDTPG9kBTefmObL2w/ngeZnilk+OV9CG3d7UA==",
      "engines": {
        "node": ">= 6"
      }
    },
    "node_modules/debug": {
      "version": "4.3.1",
      "resolved": "https://registry.npmjs.org/debug/-/debug-4.3.1.tgz",
      "integrity": "sha512-doEwdvm4PCeK4K3RQN2ZC2BYUBaxwLARCqZmMjtF8a51J2Rb0xpVloFRnCODwqjpwnAoao4pelN8l3RJdv3gRQ==",
      "dependencies": {
        "ms": "2.1.2"
      },
      "engines": {
        "node": ">=6.0"
      },
      "peerDependenciesMeta": {
        "supports-color": {
          "optional": true
        }
      }
    },
    "node_modules/lodash": {
      "version": "4.17.21",
      "resolved": "https://registry.npmjs.org/lodash/-/lodash-4.17.21.tgz",
      "integrity": "sha512-v2kDEe57lecTulaDIuNTPy3Ry4gLGJ6Z1O3vE1krgXZNrsQ+LFTGHVxVjcXPs17LhbZVGedAJv8XZ1tvj5FvSg=="
    },
    "node_modules/ms": {
      "version": "2.1.2",
      "resolved": "https://registry.npmjs.org/ms/-/ms-2.1.2.tgz",
      "integrity": "sha512-sGkPx+VjMtmA6MX27oA4FBFELFCZZ4S4XqeGOXCv68tT+jb3vk/RyaKWP0PTKyWtmLSM0b+adUTEvbs1PEaH2w=="
    },
    "node_modules/node-forge": {
      "version": "0.10.0",
      "resolved": "https://registry.npmjs.org/node-forge/-/node-forge-0.10.0.tgz",
      "integrity": "sha512-PPmu8eEeG9saEUvI97fm4OYxXVB6bFvyNTyiUOBichBpFG8A1Ljw3bY62+5oOjDEMHRnd0Y7HQ+x7uzxOzC6JA==",
      "engines": {
        "node": ">= 6.0.0"
      }
    },
    "node_modules/split": {
      "version": "1.0.1",
      "resolved": "https://registry.npmjs.org/split/-/split-1.0.1.tgz",
      "integrity": "sha512-mTyOoPbrivtXnwnIxZRFYRrPNtEFKlpB2fvjSnCQUiAA6qAZzqwna5envK4uk6OIeP17CsdF3rSBGYVBsU0Tkg==",
      "dependencies": {
        "through": "2"
      },
      "engines": {
        "node": "*"
      }
    },
    "node_modules/through": {
      "version": "2.3.8",
      "resolved": "https://registry.npmjs.org/through/-/through-2.3.8.tgz",
      "integrity": "sha1-DdTJ/6q8NXlgsbckEV1+Doai4fU="
    },
    "node_modules/xstate": {
      "version": "4.17.1",
      "resolved": "https://registry.npmjs.org/xstate/-/xstate-4.17.1.tgz",
      "integrity": "sha512-3q7so9qAKFnz9/t7BNQXQtV+9fwDATCOkC+0tAvVqczboEbu6gz2dvPPVCCkj55Hyzgro9aSOntGSPGLei82BA==",
      "funding": {
        "type": "opencollective",
        "url": "https://opencollective.com/xstate"
      }
    }
  },
  "dependencies": {
    "@devicefarmer/adbkit": {
      "version": "3.2.0",
      "resolved": "https://registry.npmjs.org/@devicefarmer/adbkit/-/adbkit-3.2.0.tgz",
      "integrity": "sha512-wfpaoASfRKBBAdyECHViVC534AVethZOMTkECLc6yf+qK46AROpAU3WWT15FuqeYjdQNnAY0SXVy0Y+gysTEZg==",
      "requires": {
        "@devicefarmer/adbkit-logcat": "^2.1.1",
        "@devicefarmer/adbkit-monkey": "~1.1.0",
        "bluebird": "~3.7",
        "commander": "^6.2.1",
        "debug": "~4.3.1",
        "node-forge": "^0.10.0",
        "split": "~1.0.1"
      }
    },
    "@devicefarmer/adbkit-logcat": {
      "version": "2.1.1",
      "resolved": "https://registry.npmjs.org/@devicefarmer/adbkit-logcat/-/adbkit-logcat-2.1.1.tgz",
      "integrity": "sha512-Wu9g/P6QatOtCr7D/HjjIN84Q6XhAOZLGf941HR2SMWZI7B/WwzxMpUSQN/d/lZT8qcxmH40X16p6GxQnlI6LQ=="
    },
    "@devicefarmer/adbkit-monkey": {
      "version": "1.1.0",
      "resolved": "https://registry.npmjs.org/@devicefarmer/adbkit-monkey/-/adbkit-monkey-1.1.0.tgz",
      "integrity": "sha512-De6bm/IQXTeYI0/fMO+lddEmNCenTOsHMqCga7oGWL1x71VsOlrytn0Kqso0Rzq96xzizMPZ8jgoGG5M6f2baQ==",
      "requires": {
        "async": "~0.2.9"
      }
    },
    "async": {
      "version": "0.2.10",
      "resolved": "https://registry.npmjs.org/async/-/async-0.2.10.tgz",
      "integrity": "sha1-trvgsGdLnXGXCMo43owjfLUmw9E="
    },
    "bluebird": {
      "version": "3.7.2",
      "resolved": "https://registry.npmjs.org/bluebird/-/bluebird-3.7.2.tgz",
      "integrity": "sha512-XpNj6GDQzdfW+r2Wnn7xiSAd7TM3jzkxGXBGTtWKuSXv1xUV+azxAm8jdWZN06QTQk+2N2XB9jRDkvbmQmcRtg=="
    },
    "commander": {
      "version": "6.2.1",
      "resolved": "https://registry.npmjs.org/commander/-/commander-6.2.1.tgz",
      "integrity": "sha512-U7VdrJFnJgo4xjrHpTzu0yrHPGImdsmD95ZlgYSEajAn2JKzDhDTPG9kBTefmObL2w/ngeZnilk+OV9CG3d7UA=="
    },
    "debug": {
      "version": "4.3.1",
      "resolved": "https://registry.npmjs.org/debug/-/debug-4.3.1.tgz",
      "integrity": "sha512-doEwdvm4PCeK4K3RQN2ZC2BYUBaxwLARCqZmMjtF8a51J2Rb0xpVloFRnCODwqjpwnAoao4pelN8l3RJdv3gRQ==",
      "requires": {
        "ms": "2.1.2"
      }
    },
    "lodash": {
      "version": "4.17.21",
      "resolved": "https://registry.npmjs.org/lodash/-/lodash-4.17.21.tgz",
      "integrity": "sha512-v2kDEe57lecTulaDIuNTPy3Ry4gLGJ6Z1O3vE1krgXZNrsQ+LFTGHVxVjcXPs17LhbZVGedAJv8XZ1tvj5FvSg=="
    },
    "ms": {
      "version": "2.1.2",
      "resolved": "https://registry.npmjs.org/ms/-/ms-2.1.2.tgz",
      "integrity": "sha512-sGkPx+VjMtmA6MX27oA4FBFELFCZZ4S4XqeGOXCv68tT+jb3vk/RyaKWP0PTKyWtmLSM0b+adUTEvbs1PEaH2w=="
    },
    "node-forge": {
      "version": "0.10.0",
      "resolved": "https://registry.npmjs.org/node-forge/-/node-forge-0.10.0.tgz",
      "integrity": "sha512-PPmu8eEeG9saEUvI97fm4OYxXVB6bFvyNTyiUOBichBpFG8A1Ljw3bY62+5oOjDEMHRnd0Y7HQ+x7uzxOzC6JA=="
    },
    "split": {
      "version": "1.0.1",
      "resolved": "https://registry.npmjs.org/split/-/split-1.0.1.tgz",
      "integrity": "sha512-mTyOoPbrivtXnwnIxZRFYRrPNtEFKlpB2fvjSnCQUiAA6qAZzqwna5envK4uk6OIeP17CsdF3rSBGYVBsU0Tkg==",
      "requires": {
        "through": "2"
      }
    },
    "through": {
      "version": "2.3.8",
      "resolved": "https://registry.npmjs.org/through/-/through-2.3.8.tgz",
      "integrity": "sha1-DdTJ/6q8NXlgsbckEV1+Doai4fU="
    },
    "xstate": {
      "version": "4.17.1",
      "resolved": "https://registry.npmjs.org/xstate/-/xstate-4.17.1.tgz",
      "integrity": "sha512-3q7so9qAKFnz9/t7BNQXQtV+9fwDATCOkC+0tAvVqczboEbu6gz2dvPPVCCkj55Hyzgro9aSOntGSPGLei82BA=="
    }
  }
}
